
Microsoft Visual Studio Solution File, Format Version 12.00
# Visual Studio 15
Project("{FAE04EC0-301F-11D3-BF4B-00C04F79EFBC}") = "GrpcServer", "GrpcServer\GrpcServer.csproj", "{B39A7846-9BE1-484D-89F8-B3A40F250F69}"
EndProject
Project("{FAE04EC0-301F-11D3-BF4B-00C04F79EFBC}") = "GrpcClient", "GrpcClient\GrpcClient.csproj", "{F3E0B077-F4C5-4E83-8A47-2BE261953EB4}"
EndProject
Global
	GlobalSection(SolutionConfigurationPlatforms) = preSolution
		Debug|Any CPU = Debug|Any CPU
		Release|Any CPU = Release|Any CPU
	EndGlobalSection
	GlobalSection(ProjectConfigurationPlatforms) = postSolution
		{B39A7846-9BE1-484D-89F8-B3A40F250F69}.Debug|Any CPU.ActiveCfg = Debug|Any CPU
		{B39A7846-9BE1-484D-89F8-B3A40F250F69}.Debug|Any CPU.Build.0 = Debug|Any CPU
		{B39A7846-9BE1-484D-89F8-B3A40F250F69}.Release|Any CPU.ActiveCfg = Release|Any CPU
		{B39A7846-9BE1-484D-89F8-B3A40F250F69}.Release|Any CPU.Build.0 = Release|Any CPU
		{F3E0B077-F4C5-4E83-8A47-2BE261953EB4}.Debug|Any CPU.ActiveCfg = Debug|Any CPU
		{F3E0B077-F4C5-4E83-8A47-2BE261953EB4}.Debug|Any CPU.Build.0 = Debug|Any CPU
		{F3E0B077-F4C5-4E83-8A47-2BE261953EB4}.Release|Any CPU.ActiveCfg = Release|Any CPU
		{F3E0B077-F4C5-4E83-8A47-2BE261953EB4}.Release|Any CPU.Build.0 = Release|Any CPU
	EndGlobalSection
EndGlobal
